{
  "name": "templated-regular-expression",
  "version": "1.0.0-alpha.6",
  "lockfileVersion": 1,
  "requires": true,
  "dependencies": {
    "@climb/from-entries": {
      "version": "1.0.0-alpha.5",
      "resolved": "https://registry.npmjs.org/@climb/from-entries/-/from-entries-1.0.0-alpha.5.tgz",
      "integrity": "sha512-tuHvhBTB1P/zW0qTjeFB/Im0qPB6PP2BrTv7ZEBW4TF1ca+4KKVzGI3g0CjqIPqyHpjznOKL1xHD7hkCH0dt3w=="
    },
    "@climb/partition": {
      "version": "1.0.0-alpha.3",
      "resolved": "https://registry.npmjs.org/@climb/partition/-/partition-1.0.0-alpha.3.tgz",
      "integrity": "sha512-NQiE3WZ4MCzcBlecl2G2wQPn3MNC068LyAjy6QE2xDdCm/pWml8vsXvzDV6DJIfsEeb/3deIkYAbF8hU0k3odA=="
    }
  }
}
